
Microsoft Visual Studio Solution File, Format Version 12.00
# Visual Studio Version 17
VisualStudioVersion = 17.7.34031.279
MinimumVisualStudioVersion = 10.0.40219.1
Project("{FAE04EC0-301F-11D3-BF4B-00C04F79EFBC}") = "n01609602Assignment2", "n01609602Assignment2\n01609602Assignment2.csproj", "{6A647E2D-416D-4083-B447-7AB50F7438B2}"
EndProject
Global
	GlobalSection(SolutionConfigurationPlatforms) = preSolution
		Debug|Any CPU = Debug|Any CPU
		Release|Any CPU = Release|Any CPU
	EndGlobalSection
	GlobalSection(ProjectConfigurationPlatforms) = postSolution
		{6A647E2D-416D-4083-B447-7AB50F7438B2}.Debug|Any CPU.ActiveCfg = Debug|Any CPU
		{6A647E2D-416D-4083-B447-7AB50F7438B2}.Debug|Any CPU.Build.0 = Debug|Any CPU
		{6A647E2D-416D-4083-B447-7AB50F7438B2}.Release|Any CPU.ActiveCfg = Release|Any CPU
		{6A647E2D-416D-4083-B447-7AB50F7438B2}.Release|Any CPU.Build.0 = Release|Any CPU
	EndGlobalSection
	GlobalSection(SolutionProperties) = preSolution
		HideSolutionNode = FALSE
	EndGlobalSection
	GlobalSection(ExtensibilityGlobals) = postSolution
		SolutionGuid = {A62DB0E9-9DDD-4667-B6F7-3C2ED16B046B}
	EndGlobalSection
EndGlobal
